// !$*UTF8*$!
{
	archiveVersion = 1;
	classes = {
	};
	objectVersion = 56;
	objects = {

/* Begin PBXBuildFile section */
		D91A24B12CCE4960004012CB /* XpenseTrackerApp.swift in Sources */ = {isa = PBXBuildFile; fileRef = D91A24B02CCE4960004012CB /* XpenseTrackerApp.swift */; };
		D91A24B32CCE4960004012CB /* ContentView.swift in Sources */ = {isa = PBXBuildFile; fileRef = D91A24B22CCE4960004012CB /* ContentView.swift */; };
		D91A24B52CCE4962004012CB /* Assets.xcassets in Resources */ = {isa = PBXBuildFile; fileRef = D91A24B42CCE4962004012CB /* Assets.xcassets */; };
		D91A24B82CCE4962004012CB /* Preview Assets.xcassets in Resources */ = {isa = PBXBuildFile; fileRef = D91A24B72CCE4962004012CB /* Preview Assets.xcassets */; };
		D91A24BF2CCE4B6D004012CB /* Extensions.swift in Sources */ = {isa = PBXBuildFile; fileRef = D91A24BE2CCE4B6D004012CB /* Extensions.swift */; };
		D96BCA522CCE4FE2002AFFD7 /* TransactionModel.swift in Sources */ = {isa = PBXBuildFile; fileRef = D96BCA512CCE4FE1002AFFD7 /* TransactionModel.swift */; };
		D96BCA542CCE5147002AFFD7 /* PreviewData.swift in Sources */ = {isa = PBXBuildFile; fileRef = D96BCA532CCE5147002AFFD7 /* PreviewData.swift */; };
		D96BCA562CCE5298002AFFD7 /* TransactionRow.swift in Sources */ = {isa = PBXBuildFile; fileRef = D96BCA552CCE5298002AFFD7 /* TransactionRow.swift */; };
		D96BCA592CCE5776002AFFD7 /* SwiftUIFontIcon in Frameworks */ = {isa = PBXBuildFile; productRef = D96BCA582CCE5776002AFFD7 /* SwiftUIFontIcon */; };
		D96BCA5B2CCE9EFD002AFFD7 /* TransactionListViewModel.swift in Sources */ = {isa = PBXBuildFile; fileRef = D96BCA5A2CCE9EFD002AFFD7 /* TransactionListViewModel.swift */; };
		D96BCA5D2CCEA731002AFFD7 /* RecentTransactionList.swift in Sources */ = {isa = PBXBuildFile; fileRef = D96BCA5C2CCEA731002AFFD7 /* RecentTransactionList.swift */; };
		D96BCA612CCF3BCC002AFFD7 /* TransactionList.swift in Sources */ = {isa = PBXBuildFile; fileRef = D96BCA602CCF3BCC002AFFD7 /* TransactionList.swift */; };
		D96BCA642CCF49E9002AFFD7 /* Collections in Frameworks */ = {isa = PBXBuildFile; productRef = D96BCA632CCF49E9002AFFD7 /* Collections */; };
		D96BCA672CCF4E10002AFFD7 /* SwiftUICharts in Frameworks */ = {isa = PBXBuildFile; productRef = D96BCA662CCF4E10002AFFD7 /* SwiftUICharts */; };
/* End PBXBuildFile section */

/* Begin PBXFileReference section */
		D91A24AD2CCE4960004012CB /* XpenseTracker.app */ = {isa = PBXFileReference; explicitFileType = wrapper.application; includeInIndex = 0; path = XpenseTracker.app; sourceTree = BUILT_PRODUCTS_DIR; };
		D91A24B02CCE4960004012CB /* XpenseTrackerApp.swift */ = {isa = PBXFileReference; lastKnownFileType = sourcecode.swift; path = XpenseTrackerApp.swift; sourceTree = "<group>"; };
		D91A24B22CCE4960004012CB /* ContentView.swift */ = {isa = PBXFileReference; lastKnownFileType = sourcecode.swift; path = ContentView.swift; sourceTree = "<group>"; };
		D91A24B42CCE4962004012CB /* Assets.xcassets */ = {isa = PBXFileReference; lastKnownFileType = folder.assetcatalog; path = Assets.xcassets; sourceTree = "<group>"; };
		D91A24B72CCE4962004012CB /* Preview Assets.xcassets */ = {isa = PBXFileReference; lastKnownFileType = folder.assetcatalog; path = "Preview Assets.xcassets"; sourceTree = "<group>"; };
		D91A24BE2CCE4B6D004012CB /* Extensions.swift */ = {isa = PBXFileReference; lastKnownFileType = sourcecode.swift; path = Extensions.swift; sourceTree = "<group>"; };
		D96BCA512CCE4FE1002AFFD7 /* TransactionModel.swift */ = {isa = PBXFileReference; lastKnownFileType = sourcecode.swift; path = TransactionModel.swift; sourceTree = "<group>"; };
		D96BCA532CCE5147002AFFD7 /* PreviewData.swift */ = {isa = PBXFileReference; lastKnownFileType = sourcecode.swift; path = PreviewData.swift; sourceTree = "<group>"; };
		D96BCA552CCE5298002AFFD7 /* TransactionRow.swift */ = {isa = PBXFileReference; lastKnownFileType = sourcecode.swift; path = TransactionRow.swift; sourceTree = "<group>"; };
		D96BCA5A2CCE9EFD002AFFD7 /* TransactionListViewModel.swift */ = {isa = PBXFileReference; lastKnownFileType = sourcecode.swift; path = TransactionListViewModel.swift; sourceTree = "<group>"; };
		D96BCA5C2CCEA731002AFFD7 /* RecentTransactionList.swift */ = {isa = PBXFileReference; lastKnownFileType = sourcecode.swift; path = RecentTransactionList.swift; sourceTree = "<group>"; };
		D96BCA602CCF3BCC002AFFD7 /* TransactionList.swift */ = {isa = PBXFileReference; lastKnownFileType = sourcecode.swift; path = TransactionList.swift; sourceTree = "<group>"; };
/* End PBXFileReference section */

/* Begin PBXFrameworksBuildPhase section */
		D91A24AA2CCE4960004012CB /* Frameworks */ = {
			isa = PBXFrameworksBuildPhase;
			buildActionMask = 2147483647;
			files = (
				D96BCA672CCF4E10002AFFD7 /* SwiftUICharts in Frameworks */,
				D96BCA642CCF49E9002AFFD7 /* Collections in Frameworks */,
				D96BCA592CCE5776002AFFD7 /* SwiftUIFontIcon in Frameworks */,
			);
			runOnlyForDeploymentPostprocessing = 0;
		};
/* End PBXFrameworksBuildPhase section */

/* Begin PBXGroup section */
		D91A24A42CCE4960004012CB = {
			isa = PBXGroup;
			children = (
				D91A24AF2CCE4960004012CB /* XpenseTracker */,
				D91A24AE2CCE4960004012CB /* Products */,
			);
			sourceTree = "<group>";
		};
		D91A24AE2CCE4960004012CB /* Products */ = {
			isa = PBXGroup;
			children = (
				D91A24AD2CCE4960004012CB /* XpenseTracker.app */,
			);
			name = Products;
			sourceTree = "<group>";
		};
		D91A24AF2CCE4960004012CB /* XpenseTracker */ = {
			isa = PBXGroup;
			children = (
				D91A24B02CCE4960004012CB /* XpenseTrackerApp.swift */,
				D91A24B22CCE4960004012CB /* ContentView.swift */,
				D96BCA5C2CCEA731002AFFD7 /* RecentTransactionList.swift */,
				D96BCA602CCF3BCC002AFFD7 /* TransactionList.swift */,
				D96BCA552CCE5298002AFFD7 /* TransactionRow.swift */,
				D96BCA5A2CCE9EFD002AFFD7 /* TransactionListViewModel.swift */,
				D96BCA512CCE4FE1002AFFD7 /* TransactionModel.swift */,
				D91A24BE2CCE4B6D004012CB /* Extensions.swift */,
				D91A24B42CCE4962004012CB /* Assets.xcassets */,
				D91A24B62CCE4962004012CB /* Preview Content */,
			);
			path = XpenseTracker;
			sourceTree = "<group>";
		};
		D91A24B62CCE4962004012CB /* Preview Content */ = {
			isa = PBXGroup;
			children = (
				D91A24B72CCE4962004012CB /* Preview Assets.xcassets */,
				D96BCA532CCE5147002AFFD7 /* PreviewData.swift */,
			);
			path = "Preview Content";
			sourceTree = "<group>";
		};
/* End PBXGroup section */

/* Begin PBXNativeTarget section */
		D91A24AC2CCE4960004012CB /* XpenseTracker */ = {
			isa = PBXNativeTarget;
			buildConfigurationList = D91A24BB2CCE4962004012CB /* Build configuration list for PBXNativeTarget "XpenseTracker" */;
			buildPhases = (
				D91A24A92CCE4960004012CB /* Sources */,
				D91A24AA2CCE4960004012CB /* Frameworks */,
				D91A24AB2CCE4960004012CB /* Resources */,
			);
			buildRules = (
			);
			dependencies = (
			);
			name = XpenseTracker;
			packageProductDependencies = (
				D96BCA582CCE5776002AFFD7 /* SwiftUIFontIcon */,
				D96BCA632CCF49E9002AFFD7 /* Collections */,
				D96BCA662CCF4E10002AFFD7 /* SwiftUICharts */,
			);
			productName = XpenseTracker;
			productReference = D91A24AD2CCE4960004012CB /* XpenseTracker.app */;
			productType = "com.apple.product-type.application";
		};
/* End PBXNativeTarget section */

/* Begin PBXProject section */
		D91A24A52CCE4960004012CB /* Project object */ = {
			isa = PBXProject;
			attributes = {
				BuildIndependentTargetsInParallel = 1;
				LastSwiftUpdateCheck = 1540;
				LastUpgradeCheck = 1540;
				TargetAttributes = {
					D91A24AC2CCE4960004012CB = {
						CreatedOnToolsVersion = 15.4;
					};
				};
			};
			buildConfigurationList = D91A24A82CCE4960004012CB /* Build configuration list for PBXProject "XpenseTracker" */;
			compatibilityVersion = "Xcode 14.0";
			developmentRegion = en;
			hasScannedForEncodings = 0;
			knownRegions = (
				en,
				Base,
			);
			mainGroup = D91A24A42CCE4960004012CB;
			packageReferences = (
				D96BCA572CCE5776002AFFD7 /* XCRemoteSwiftPackageReference "SwiftUIFontIcon" */,
				D96BCA622CCF49E9002AFFD7 /* XCRemoteSwiftPackageReference "swift-collections" */,
				D96BCA652CCF4E10002AFFD7 /* XCRemoteSwiftPackageReference "ChartView" */,
			);
			productRefGroup = D91A24AE2CCE4960004012CB /* Products */;
			projectDirPath = "";
			projectRoot = "";
			targets = (
				D91A24AC2CCE4960004012CB /* XpenseTracker */,
			);
		};
/* End PBXProject section */

/* Begin PBXResourcesBuildPhase section */
		D91A24AB2CCE4960004012CB /* Resources */ = {
			isa = PBXResourcesBuildPhase;
			buildActionMask = 2147483647;
			files = (
				D91A24B82CCE4962004012CB /* Preview Assets.xcassets in Resources */,
				D91A24B52CCE4962004012CB /* Assets.xcassets in Resources */,
			);
			runOnlyForDeploymentPostprocessing = 0;
		};
/* End PBXResourcesBuildPhase section */

/* Begin PBXSourcesBuildPhase section */
		D91A24A92CCE4960004012CB /* Sources */ = {
			isa = PBXSourcesBuildPhase;
			buildActionMask = 2147483647;
			files = (
				D96BCA542CCE5147002AFFD7 /* PreviewData.swift in Sources */,
				D96BCA612CCF3BCC002AFFD7 /* TransactionList.swift in Sources */,
				D96BCA5D2CCEA731002AFFD7 /* RecentTransactionList.swift in Sources */,
				D96BCA522CCE4FE2002AFFD7 /* TransactionModel.swift in Sources */,
				D91A24B32CCE4960004012CB /* ContentView.swift in Sources */,
				D96BCA562CCE5298002AFFD7 /* TransactionRow.swift in Sources */,
				D91A24BF2CCE4B6D004012CB /* Extensions.swift in Sources */,
				D96BCA5B2CCE9EFD002AFFD7 /* TransactionListViewModel.swift in Sources */,
				D91A24B12CCE4960004012CB /* XpenseTrackerApp.swift in Sources */,
			);
			runOnlyForDeploymentPostprocessing = 0;
		};
/* End PBXSourcesBuildPhase section */

/* Begin XCBuildConfiguration section */
		D91A24B92CCE4962004012CB /* Debug */ = {
			isa = XCBuildConfiguration;
			buildSettings = {
				ALWAYS_SEARCH_USER_PATHS = NO;
				ASSETCATALOG_COMPILER_GENERATE_SWIFT_ASSET_SYMBOL_EXTENSIONS = YES;
				CLANG_ANALYZER_NONNULL = YES;
				CLANG_ANALYZER_NUMBER_OBJECT_CONVERSION = YES_AGGRESSIVE;
				CLANG_CXX_LANGUAGE_STANDARD = "gnu++20";
				CLANG_ENABLE_MODULES = YES;
				CLANG_ENABLE_OBJC_ARC = YES;
				CLANG_ENABLE_OBJC_WEAK = YES;
				CLANG_WARN_BLOCK_CAPTURE_AUTORELEASING = YES;
				CLANG_WARN_BOOL_CONVERSION = YES;
				CLANG_WARN_COMMA = YES;
				CLANG_WARN_CONSTANT_CONVERSION = YES;
				CLANG_WARN_DEPRECATED_OBJC_IMPLEMENTATIONS = YES;
				CLANG_WARN_DIRECT_OBJC_ISA_USAGE = YES_ERROR;
				CLANG_WARN_DOCUMENTATION_COMMENTS = YES;
				CLANG_WARN_EMPTY_BODY = YES;
				CLANG_WARN_ENUM_CONVERSION = YES;
				CLANG_WARN_INFINITE_RECURSION = YES;
				CLANG_WARN_INT_CONVERSION = YES;
				CLANG_WARN_NON_LITERAL_NULL_CONVERSION = YES;
				CLANG_WARN_OBJC_IMPLICIT_RETAIN_SELF = YES;
				CLANG_WARN_OBJC_LITERAL_CONVERSION = YES;
				CLANG_WARN_OBJC_ROOT_CLASS = YES_ERROR;
				CLANG_WARN_QUOTED_INCLUDE_IN_FRAMEWORK_HEADER = YES;
				CLANG_WARN_RANGE_LOOP_ANALYSIS = YES;
				CLANG_WARN_STRICT_PROTOTYPES = YES;
				CLANG_WARN_SUSPICIOUS_MOVE = YES;
				CLANG_WARN_UNGUARDED_AVAILABILITY = YES_AGGRESSIVE;
				CLANG_WARN_UNREACHABLE_CODE = YES;
				CLANG_WARN__DUPLICATE_METHOD_MATCH = YES;
				COPY_PHASE_STRIP = NO;
				DEBUG_INFORMATION_FORMAT = dwarf;
				ENABLE_STRICT_OBJC_MSGSEND = YES;
				ENABLE_TESTABILITY = YES;
				ENABLE_USER_SCRIPT_SANDBOXING = YES;
				GCC_C_LANGUAGE_STANDARD = gnu17;
				GCC_DYNAMIC_NO_PIC = NO;
				GCC_NO_COMMON_BLOCKS = YES;
				GCC_OPTIMIZATION_LEVEL = 0;
				GCC_PREPROCESSOR_DEFINITIONS = (
					"DEBUG=1",
					"$(inherited)",
				);
				GCC_WARN_64_TO_32_BIT_CONVERSION = YES;
				GCC_WARN_ABOUT_RETURN_TYPE = YES_ERROR;
				GCC_WARN_UNDECLARED_SELECTOR = YES;
				GCC_WARN_UNINITIALIZED_AUTOS = YES_AGGRESSIVE;
				GCC_WARN_UNUSED_FUNCTION = YES;
				GCC_WARN_UNUSED_VARIABLE = YES;
				IPHONEOS_DEPLOYMENT_TARGET = 17.5;
				LOCALIZATION_PREFERS_STRING_CATALOGS = YES;
				MTL_ENABLE_DEBUG_INFO = INCLUDE_SOURCE;
				MTL_FAST_MATH = YES;
				ONLY_ACTIVE_ARCH = YES;
				SDKROOT = iphoneos;
				SWIFT_ACTIVE_COMPILATION_CONDITIONS = "DEBUG $(inherited)";
				SWIFT_OPTIMIZATION_LEVEL = "-Onone";
			};
			name = Debug;
		};
		D91A24BA2CCE4962004012CB /* Release */ = {
			isa = XCBuildConfiguration;
			buildSettings = {
				ALWAYS_SEARCH_USER_PATHS = NO;
				ASSETCATALOG_COMPILER_GENERATE_SWIFT_ASSET_SYMBOL_EXTENSIONS = YES;
				CLANG_ANALYZER_NONNULL = YES;
				CLANG_ANALYZER_NUMBER_OBJECT_CONVERSION = YES_AGGRESSIVE;
				CLANG_CXX_LANGUAGE_STANDARD = "gnu++20";
				CLANG_ENABLE_MODULES = YES;
				CLANG_ENABLE_OBJC_ARC = YES;
				CLANG_ENABLE_OBJC_WEAK = YES;
				CLANG_WARN_BLOCK_CAPTURE_AUTORELEASING = YES;
				CLANG_WARN_BOOL_CONVERSION = YES;
				CLANG_WARN_COMMA = YES;
				CLANG_WARN_CONSTANT_CONVERSION = YES;
				CLANG_WARN_DEPRECATED_OBJC_IMPLEMENTATIONS = YES;
				CLANG_WARN_DIRECT_OBJC_ISA_USAGE = YES_ERROR;
				CLANG_WARN_DOCUMENTATION_COMMENTS = YES;
				CLANG_WARN_EMPTY_BODY = YES;
				CLANG_WARN_ENUM_CONVERSION = YES;
				CLANG_WARN_INFINITE_RECURSION = YES;
				CLANG_WARN_INT_CONVERSION = YES;
				CLANG_WARN_NON_LITERAL_NULL_CONVERSION = YES;
				CLANG_WARN_OBJC_IMPLICIT_RETAIN_SELF = YES;
				CLANG_WARN_OBJC_LITERAL_CONVERSION = YES;
				CLANG_WARN_OBJC_ROOT_CLASS = YES_ERROR;
				CLANG_WARN_QUOTED_INCLUDE_IN_FRAMEWORK_HEADER = YES;
				CLANG_WARN_RANGE_LOOP_ANALYSIS = YES;
				CLANG_WARN_STRICT_PROTOTYPES = YES;
				CLANG_WARN_SUSPICIOUS_MOVE = YES;
				CLANG_WARN_UNGUARDED_AVAILABILITY = YES_AGGRESSIVE;
				CLANG_WARN_UNREACHABLE_CODE = YES;
				CLANG_WARN__DUPLICATE_METHOD_MATCH = YES;
				COPY_PHASE_STRIP = NO;
				DEBUG_INFORMATION_FORMAT = "dwarf-with-dsym";
				ENABLE_NS_ASSERTIONS = NO;
				ENABLE_STRICT_OBJC_MSGSEND = YES;
				ENABLE_USER_SCRIPT_SANDBOXING = YES;
				GCC_C_LANGUAGE_STANDARD = gnu17;
				GCC_NO_COMMON_BLOCKS = YES;
				GCC_WARN_64_TO_32_BIT_CONVERSION = YES;
				GCC_WARN_ABOUT_RETURN_TYPE = YES_ERROR;
				GCC_WARN_UNDECLARED_SELECTOR = YES;
				GCC_WARN_UNINITIALIZED_AUTOS = YES_AGGRESSIVE;
				GCC_WARN_UNUSED_FUNCTION = YES;
				GCC_WARN_UNUSED_VARIABLE = YES;
				IPHONEOS_DEPLOYMENT_TARGET = 17.5;
				LOCALIZATION_PREFERS_STRING_CATALOGS = YES;
				MTL_ENABLE_DEBUG_INFO = NO;
				MTL_FAST_MATH = YES;
				SDKROOT = iphoneos;
				SWIFT_COMPILATION_MODE = wholemodule;
				VALIDATE_PRODUCT = YES;
			};
			name = Release;
		};
		D91A24BC2CCE4962004012CB /* Debug */ = {
			isa = XCBuildConfiguration;
			buildSettings = {
				ASSETCATALOG_COMPILER_APPICON_NAME = AppIcon;
				ASSETCATALOG_COMPILER_GLOBAL_ACCENT_COLOR_NAME = AccentColor;
				CODE_SIGN_STYLE = Automatic;
				CURRENT_PROJECT_VERSION = 1;
				DEVELOPMENT_ASSET_PATHS = "\"XpenseTracker/Preview Content\"";
				DEVELOPMENT_TEAM = WQ7DX8DWT7;
				ENABLE_PREVIEWS = YES;
				GENERATE_INFOPLIST_FILE = YES;
				INFOPLIST_KEY_UIApplicationSceneManifest_Generation = YES;
				INFOPLIST_KEY_UIApplicationSupportsIndirectInputEvents = YES;
				INFOPLIST_KEY_UILaunchScreen_Generation = YES;
				INFOPLIST_KEY_UISupportedInterfaceOrientations_iPad = "UIInterfaceOrientationPortrait UIInterfaceOrientationPortraitUpsideDown UIInterfaceOrientationLandscapeLeft UIInterfaceOrientationLandscapeRight";
				INFOPLIST_KEY_UISupportedInterfaceOrientations_iPhone = "UIInterfaceOrientationPortrait UIInterfaceOrientationLandscapeLeft UIInterfaceOrientationLandscapeRight";
				LD_RUNPATH_SEARCH_PATHS = (
					"$(inherited)",
					"@executable_path/Frameworks",
				);
				MARKETING_VERSION = 1.0;
				PRODUCT_BUNDLE_IDENTIFIER = com.kurniawan.XpenseTracker;
				PRODUCT_NAME = "$(TARGET_NAME)";
				SWIFT_EMIT_LOC_STRINGS = YES;
				SWIFT_VERSION = 5.0;
				TARGETED_DEVICE_FAMILY = "1,2";
			};
			name = Debug;
		};
		D91A24BD2CCE4962004012CB /* Release */ = {
			isa = XCBuildConfiguration;
			buildSettings = {
				ASSETCATALOG_COMPILER_APPICON_NAME = AppIcon;
				ASSETCATALOG_COMPILER_GLOBAL_ACCENT_COLOR_NAME = AccentColor;
				CODE_SIGN_STYLE = Automatic;
				CURRENT_PROJECT_VERSION = 1;
				DEVELOPMENT_ASSET_PATHS = "\"XpenseTracker/Preview Content\"";
				DEVELOPMENT_TEAM = WQ7DX8DWT7;
				ENABLE_PREVIEWS = YES;
				GENERATE_INFOPLIST_FILE = YES;
				INFOPLIST_KEY_UIApplicationSceneManifest_Generation = YES;
				INFOPLIST_KEY_UIApplicationSupportsIndirectInputEvents = YES;
				INFOPLIST_KEY_UILaunchScreen_Generation = YES;
				INFOPLIST_KEY_UISupportedInterfaceOrientations_iPad = "UIInterfaceOrientationPortrait UIInterfaceOrientationPortraitUpsideDown UIInterfaceOrientationLandscapeLeft UIInterfaceOrientationLandscapeRight";
				INFOPLIST_KEY_UISupportedInterfaceOrientations_iPhone = "UIInterfaceOrientationPortrait UIInterfaceOrientationLandscapeLeft UIInterfaceOrientationLandscapeRight";
				LD_RUNPATH_SEARCH_PATHS = (
					"$(inherited)",
					"@executable_path/Frameworks",
				);
				MARKETING_VERSION = 1.0;
				PRODUCT_BUNDLE_IDENTIFIER = com.kurniawan.XpenseTracker;
				PRODUCT_NAME = "$(TARGET_NAME)";
				SWIFT_EMIT_LOC_STRINGS = YES;
				SWIFT_VERSION = 5.0;
				TARGETED_DEVICE_FAMILY = "1,2";
			};
			name = Release;
		};
/* End XCBuildConfiguration section */

/* Begin XCConfigurationList section */
		D91A24A82CCE4960004012CB /* Build configuration list for PBXProject "XpenseTracker" */ = {
			isa = XCConfigurationList;
			buildConfigurations = (
				D91A24B92CCE4962004012CB /* Debug */,
				D91A24BA2CCE4962004012CB /* Release */,
			);
			defaultConfigurationIsVisible = 0;
			defaultConfigurationName = Release;
		};
		D91A24BB2CCE4962004012CB /* Build configuration list for PBXNativeTarget "XpenseTracker" */ = {
			isa = XCConfigurationList;
			buildConfigurations = (
				D91A24BC2CCE4962004012CB /* Debug */,
				D91A24BD2CCE4962004012CB /* Release */,
			);
			defaultConfigurationIsVisible = 0;
			defaultConfigurationName = Release;
		};
/* End XCConfigurationList section */

/* Begin XCRemoteSwiftPackageReference section */
		D96BCA572CCE5776002AFFD7 /* XCRemoteSwiftPackageReference "SwiftUIFontIcon" */ = {
			isa = XCRemoteSwiftPackageReference;
			repositoryURL = "https://github.com/huybuidac/SwiftUIFontIcon";
			requirement = {
				branch = master;
				kind = branch;
			};
		};
		D96BCA622CCF49E9002AFFD7 /* XCRemoteSwiftPackageReference "swift-collections" */ = {
			isa = XCRemoteSwiftPackageReference;
			repositoryURL = "https://github.com/apple/swift-collections.git";
			requirement = {
				kind = upToNextMajorVersion;
				minimumVersion = 1.1.4;
			};
		};
		D96BCA652CCF4E10002AFFD7 /* XCRemoteSwiftPackageReference "ChartView" */ = {
			isa = XCRemoteSwiftPackageReference;
			repositoryURL = "https://github.com/AppPear/ChartView";
			requirement = {
				kind = exactVersion;
				version = "2.0.0-beta.2";
			};
		};
/* End XCRemoteSwiftPackageReference section */

/* Begin XCSwiftPackageProductDependency section */
		D96BCA582CCE5776002AFFD7 /* SwiftUIFontIcon */ = {
			isa = XCSwiftPackageProductDependency;
			package = D96BCA572CCE5776002AFFD7 /* XCRemoteSwiftPackageReference "SwiftUIFontIcon" */;
			productName = SwiftUIFontIcon;
		};
		D96BCA632CCF49E9002AFFD7 /* Collections */ = {
			isa = XCSwiftPackageProductDependency;
			package = D96BCA622CCF49E9002AFFD7 /* XCRemoteSwiftPackageReference "swift-collections" */;
			productName = Collections;
		};
		D96BCA662CCF4E10002AFFD7 /* SwiftUICharts */ = {
			isa = XCSwiftPackageProductDependency;
			package = D96BCA652CCF4E10002AFFD7 /* XCRemoteSwiftPackageReference "ChartView" */;
			productName = SwiftUICharts;
		};
/* End XCSwiftPackageProductDependency section */
	};
	rootObject = D91A24A52CCE4960004012CB /* Project object */;
}
